
Microsoft Visual Studio Solution File, Format Version 12.00
# Visual Studio Version 17
VisualStudioVersion = 17.0.31903.59
MinimumVisualStudioVersion = 10.0.40219.1
Project("{9A19103F-16F7-4668-BE54-9A1E7A4F7556}") = "QuadroMaps.Core", "QuadroMaps.Core\QuadroMaps.Core.csproj", "{0B972C8D-D560-4574-A535-50A0282E68FD}"
EndProject
Project("{9A19103F-16F7-4668-BE54-9A1E7A4F7556}") = "QuadroMaps.Pbf", "QuadroMaps.Pbf\QuadroMaps.Pbf.csproj", "{5D2A1E19-4ECE-4E66-B0E5-97DD15E2B05A}"
EndProject
Project("{9A19103F-16F7-4668-BE54-9A1E7A4F7556}") = "QuadroMaps.GMaps", "QuadroMaps.GMaps\QuadroMaps.GMaps.csproj", "{5A3B81E0-A05F-4977-A08B-160543583B64}"
EndProject
Global
	GlobalSection(SolutionConfigurationPlatforms) = preSolution
		Debug|Any CPU = Debug|Any CPU
		Release|Any CPU = Release|Any CPU
	EndGlobalSection
	GlobalSection(ProjectConfigurationPlatforms) = postSolution
		{0B972C8D-D560-4574-A535-50A0282E68FD}.Debug|Any CPU.ActiveCfg = Debug|Any CPU
		{0B972C8D-D560-4574-A535-50A0282E68FD}.Debug|Any CPU.Build.0 = Debug|Any CPU
		{0B972C8D-D560-4574-A535-50A0282E68FD}.Release|Any CPU.ActiveCfg = Release|Any CPU
		{0B972C8D-D560-4574-A535-50A0282E68FD}.Release|Any CPU.Build.0 = Release|Any CPU
		{5D2A1E19-4ECE-4E66-B0E5-97DD15E2B05A}.Debug|Any CPU.ActiveCfg = Debug|Any CPU
		{5D2A1E19-4ECE-4E66-B0E5-97DD15E2B05A}.Debug|Any CPU.Build.0 = Debug|Any CPU
		{5D2A1E19-4ECE-4E66-B0E5-97DD15E2B05A}.Release|Any CPU.ActiveCfg = Release|Any CPU
		{5D2A1E19-4ECE-4E66-B0E5-97DD15E2B05A}.Release|Any CPU.Build.0 = Release|Any CPU
		{5A3B81E0-A05F-4977-A08B-160543583B64}.Debug|Any CPU.ActiveCfg = Debug|Any CPU
		{5A3B81E0-A05F-4977-A08B-160543583B64}.Debug|Any CPU.Build.0 = Debug|Any CPU
		{5A3B81E0-A05F-4977-A08B-160543583B64}.Release|Any CPU.ActiveCfg = Release|Any CPU
		{5A3B81E0-A05F-4977-A08B-160543583B64}.Release|Any CPU.Build.0 = Release|Any CPU
	EndGlobalSection
	GlobalSection(SolutionProperties) = preSolution
		HideSolutionNode = FALSE
	EndGlobalSection
	GlobalSection(ExtensibilityGlobals) = postSolution
		SolutionGuid = {16FF8DD7-1FA7-4EA1-8C76-0BB6307AF637}
	EndGlobalSection
EndGlobal
